// !$*UTF8*$!
{
	archiveVersion = 1;
	classes = {
	};
	objectVersion = 56;
	objects = {

/* Begin PBXBuildFile section */
		0D5A252A2EF2E347006A7B66 /* RickAndMortyExplorerAppApp.swift in Sources */ = {isa = PBXBuildFile; fileRef = 0D5A25292EF2E347006A7B66 /* RickAndMortyExplorerAppApp.swift */; };
		0D5A252C2EF2E347006A7B66 /* ContentView.swift in Sources */ = {isa = PBXBuildFile; fileRef = 0D5A252B2EF2E347006A7B66 /* ContentView.swift */; };
		0D5A252E2EF2E35B006A7B66 /* Assets.xcassets in Resources */ = {isa = PBXBuildFile; fileRef = 0D5A252D2EF2E35B006A7B66 /* Assets.xcassets */; };
		0D5A25312EF2E35B006A7B66 /* Preview Assets.xcassets in Resources */ = {isa = PBXBuildFile; fileRef = 0D5A25302EF2E35B006A7B66 /* Preview Assets.xcassets */; };
		0D5A253B2EF2E35B006A7B66 /* RickAndMortyExplorerAppTests.swift in Sources */ = {isa = PBXBuildFile; fileRef = 0D5A253A2EF2E35B006A7B66 /* RickAndMortyExplorerAppTests.swift */; };
		0D5A25452EF2E35B006A7B66 /* RickAndMortyExplorerAppUITests.swift in Sources */ = {isa = PBXBuildFile; fileRef = 0D5A25442EF2E35B006A7B66 /* RickAndMortyExplorerAppUITests.swift */; };
		0D5A25472EF2E35B006A7B66 /* RickAndMortyExplorerAppUITestsLaunchTests.swift in Sources */ = {isa = PBXBuildFile; fileRef = 0D5A25462EF2E35B006A7B66 /* RickAndMortyExplorerAppUITestsLaunchTests.swift */; };
		0D5A25582EF2E3E0006A7B66 /* Character.swift in Sources */ = {isa = PBXBuildFile; fileRef = 0D5A25572EF2E3E0006A7B66 /* Character.swift */; };
		0D5A255A2EF2E57B006A7B66 /* NetworkManager.swift in Sources */ = {isa = PBXBuildFile; fileRef = 0D5A25592EF2E57B006A7B66 /* NetworkManager.swift */; };
		0D5A255E2EF2EA09006A7B66 /* CharacterListViewModel.swift in Sources */ = {isa = PBXBuildFile; fileRef = 0D5A255D2EF2EA09006A7B66 /* CharacterListViewModel.swift */; };
		0D5A25602EF2EDDC006A7B66 /* CharacterListView.swift in Sources */ = {isa = PBXBuildFile; fileRef = 0D5A255F2EF2EDDC006A7B66 /* CharacterListView.swift */; };
		0DD0B6532EF5919900819060 /* CharacterDetailView.swift in Sources */ = {isa = PBXBuildFile; fileRef = 0DD0B6522EF5919900819060 /* CharacterDetailView.swift */; };
		827EC1B12EF48F710028B29D /* FeedbackService.swift in Sources */ = {isa = PBXBuildFile; fileRef = 827EC1B02EF48F710028B29D /* FeedbackService.swift */; };
		827EC1B32EF496470028B29D /* FeedbackFormView.swift in Sources */ = {isa = PBXBuildFile; fileRef = 827EC1B22EF496470028B29D /* FeedbackFormView.swift */; };
/* End PBXBuildFile section */

/* Begin PBXContainerItemProxy section */
		0D5A25372EF2E35B006A7B66 /* PBXContainerItemProxy */ = {
			isa = PBXContainerItemProxy;
			containerPortal = 0D5A251E2EF2E347006A7B66 /* Project object */;
			proxyType = 1;
			remoteGlobalIDString = 0D5A25252EF2E347006A7B66;
			remoteInfo = RickAndMortyExplorerApp;
		};
		0D5A25412EF2E35B006A7B66 /* PBXContainerItemProxy */ = {
			isa = PBXContainerItemProxy;
			containerPortal = 0D5A251E2EF2E347006A7B66 /* Project object */;
			proxyType = 1;
			remoteGlobalIDString = 0D5A25252EF2E347006A7B66;
			remoteInfo = RickAndMortyExplorerApp;
		};
/* End PBXContainerItemProxy section */

/* Begin PBXFileReference section */
		0D5A25262EF2E347006A7B66 /* RickAndMortyExplorerApp.app */ = {isa = PBXFileReference; explicitFileType = wrapper.application; includeInIndex = 0; path = RickAndMortyExplorerApp.app; sourceTree = BUILT_PRODUCTS_DIR; };
		0D5A25292EF2E347006A7B66 /* RickAndMortyExplorerAppApp.swift */ = {isa = PBXFileReference; lastKnownFileType = sourcecode.swift; path = RickAndMortyExplorerAppApp.swift; sourceTree = "<group>"; };
		0D5A252B2EF2E347006A7B66 /* ContentView.swift */ = {isa = PBXFileReference; lastKnownFileType = sourcecode.swift; path = ContentView.swift; sourceTree = "<group>"; };
		0D5A252D2EF2E35B006A7B66 /* Assets.xcassets */ = {isa = PBXFileReference; lastKnownFileType = folder.assetcatalog; path = Assets.xcassets; sourceTree = "<group>"; };
		0D5A25302EF2E35B006A7B66 /* Preview Assets.xcassets */ = {isa = PBXFileReference; lastKnownFileType = folder.assetcatalog; path = "Preview Assets.xcassets"; sourceTree = "<group>"; };
		0D5A25362EF2E35B006A7B66 /* RickAndMortyExplorerAppTests.xctest */ = {isa = PBXFileReference; explicitFileType = wrapper.cfbundle; includeInIndex = 0; path = RickAndMortyExplorerAppTests.xctest; sourceTree = BUILT_PRODUCTS_DIR; };
		0D5A253A2EF2E35B006A7B66 /* RickAndMortyExplorerAppTests.swift */ = {isa = PBXFileReference; lastKnownFileType = sourcecode.swift; path = RickAndMortyExplorerAppTests.swift; sourceTree = "<group>"; };
		0D5A25402EF2E35B006A7B66 /* RickAndMortyExplorerAppUITests.xctest */ = {isa = PBXFileReference; explicitFileType = wrapper.cfbundle; includeInIndex = 0; path = RickAndMortyExplorerAppUITests.xctest; sourceTree = BUILT_PRODUCTS_DIR; };
		0D5A25442EF2E35B006A7B66 /* RickAndMortyExplorerAppUITests.swift */ = {isa = PBXFileReference; lastKnownFileType = sourcecode.swift; path = RickAndMortyExplorerAppUITests.swift; sourceTree = "<group>"; };
		0D5A25462EF2E35B006A7B66 /* RickAndMortyExplorerAppUITestsLaunchTests.swift */ = {isa = PBXFileReference; lastKnownFileType = sourcecode.swift; path = RickAndMortyExplorerAppUITestsLaunchTests.swift; sourceTree = "<group>"; };
		0D5A25572EF2E3E0006A7B66 /* Character.swift */ = {isa = PBXFileReference; lastKnownFileType = sourcecode.swift; path = Character.swift; sourceTree = "<group>"; };
		0D5A25592EF2E57B006A7B66 /* NetworkManager.swift */ = {isa = PBXFileReference; lastKnownFileType = sourcecode.swift; path = NetworkManager.swift; sourceTree = "<group>"; };
		0D5A255D2EF2EA09006A7B66 /* CharacterListViewModel.swift */ = {isa = PBXFileReference; lastKnownFileType = sourcecode.swift; path = CharacterListViewModel.swift; sourceTree = "<group>"; };
		0D5A255F2EF2EDDC006A7B66 /* CharacterListView.swift */ = {isa = PBXFileReference; lastKnownFileType = sourcecode.swift; path = CharacterListView.swift; sourceTree = "<group>"; };
		0DD0B6522EF5919900819060 /* CharacterDetailView.swift */ = {isa = PBXFileReference; lastKnownFileType = sourcecode.swift; path = CharacterDetailView.swift; sourceTree = "<group>"; };
		827EC1B02EF48F710028B29D /* FeedbackService.swift */ = {isa = PBXFileReference; lastKnownFileType = sourcecode.swift; path = FeedbackService.swift; sourceTree = "<group>"; };
		827EC1B22EF496470028B29D /* FeedbackFormView.swift */ = {isa = PBXFileReference; lastKnownFileType = sourcecode.swift; path = FeedbackFormView.swift; sourceTree = "<group>"; };
/* End PBXFileReference section */

/* Begin PBXFrameworksBuildPhase section */
		0D5A25232EF2E347006A7B66 /* Frameworks */ = {
			isa = PBXFrameworksBuildPhase;
			buildActionMask = 2147483647;
			files = (
			);
			runOnlyForDeploymentPostprocessing = 0;
		};
		0D5A25332EF2E35B006A7B66 /* Frameworks */ = {
			isa = PBXFrameworksBuildPhase;
			buildActionMask = 2147483647;
			files = (
			);
			runOnlyForDeploymentPostprocessing = 0;
		};
		0D5A253D2EF2E35B006A7B66 /* Frameworks */ = {
			isa = PBXFrameworksBuildPhase;
			buildActionMask = 2147483647;
			files = (
			);
			runOnlyForDeploymentPostprocessing = 0;
		};
/* End PBXFrameworksBuildPhase section */

/* Begin PBXGroup section */
		0D5A251D2EF2E347006A7B66 = {
			isa = PBXGroup;
			children = (
				0D5A25282EF2E347006A7B66 /* RickAndMortyExplorerApp */,
				0D5A25392EF2E35B006A7B66 /* RickAndMortyExplorerAppTests */,
				0D5A25432EF2E35B006A7B66 /* RickAndMortyExplorerAppUITests */,
				0D5A25272EF2E347006A7B66 /* Products */,
			);
			sourceTree = "<group>";
		};
		0D5A25272EF2E347006A7B66 /* Products */ = {
			isa = PBXGroup;
			children = (
				0D5A25262EF2E347006A7B66 /* RickAndMortyExplorerApp.app */,
				0D5A25362EF2E35B006A7B66 /* RickAndMortyExplorerAppTests.xctest */,
				0D5A25402EF2E35B006A7B66 /* RickAndMortyExplorerAppUITests.xctest */,
			);
			name = Products;
			sourceTree = "<group>";
		};
		0D5A25282EF2E347006A7B66 /* RickAndMortyExplorerApp */ = {
			isa = PBXGroup;
			children = (
				0D5A25562EF2E3C0006A7B66 /* Services */,
				0D5A25552EF2E3B3006A7B66 /* Views */,
				0D5A25542EF2E3A1006A7B66 /* ViewModels */,
				0D5A25532EF2E393006A7B66 /* Models */,
				0D5A25292EF2E347006A7B66 /* RickAndMortyExplorerAppApp.swift */,
				0D5A252B2EF2E347006A7B66 /* ContentView.swift */,
				0D5A252D2EF2E35B006A7B66 /* Assets.xcassets */,
				0D5A252F2EF2E35B006A7B66 /* Preview Content */,
			);
			path = RickAndMortyExplorerApp;
			sourceTree = "<group>";
		};
		0D5A252F2EF2E35B006A7B66 /* Preview Content */ = {
			isa = PBXGroup;
			children = (
				0D5A25302EF2E35B006A7B66 /* Preview Assets.xcassets */,
			);
			path = "Preview Content";
			sourceTree = "<group>";
		};
		0D5A25392EF2E35B006A7B66 /* RickAndMortyExplorerAppTests */ = {
			isa = PBXGroup;
			children = (
				0D5A253A2EF2E35B006A7B66 /* RickAndMortyExplorerAppTests.swift */,
			);
			path = RickAndMortyExplorerAppTests;
			sourceTree = "<group>";
		};
		0D5A25432EF2E35B006A7B66 /* RickAndMortyExplorerAppUITests */ = {
			isa = PBXGroup;
			children = (
				0D5A25442EF2E35B006A7B66 /* RickAndMortyExplorerAppUITests.swift */,
				0D5A25462EF2E35B006A7B66 /* RickAndMortyExplorerAppUITestsLaunchTests.swift */,
			);
			path = RickAndMortyExplorerAppUITests;
			sourceTree = "<group>";
		};
		0D5A25532EF2E393006A7B66 /* Models */ = {
			isa = PBXGroup;
			children = (
				0D5A25572EF2E3E0006A7B66 /* Character.swift */,
			);
			path = Models;
			sourceTree = "<group>";
		};
		0D5A25542EF2E3A1006A7B66 /* ViewModels */ = {
			isa = PBXGroup;
			children = (
				0D5A255D2EF2EA09006A7B66 /* CharacterListViewModel.swift */,
			);
			path = ViewModels;
			sourceTree = "<group>";
		};
		0D5A25552EF2E3B3006A7B66 /* Views */ = {
			isa = PBXGroup;
			children = (
				0D5A255F2EF2EDDC006A7B66 /* CharacterListView.swift */,
				827EC1B22EF496470028B29D /* FeedbackFormView.swift */,
				0DD0B6522EF5919900819060 /* CharacterDetailView.swift */,
			);
			path = Views;
			sourceTree = "<group>";
		};
		0D5A25562EF2E3C0006A7B66 /* Services */ = {
			isa = PBXGroup;
			children = (
				0D5A25592EF2E57B006A7B66 /* NetworkManager.swift */,
				827EC1B02EF48F710028B29D /* FeedbackService.swift */,
			);
			path = Services;
			sourceTree = "<group>";
		};
/* End PBXGroup section */

/* Begin PBXNativeTarget section */
		0D5A25252EF2E347006A7B66 /* RickAndMortyExplorerApp */ = {
			isa = PBXNativeTarget;
			buildConfigurationList = 0D5A254A2EF2E35B006A7B66 /* Build configuration list for PBXNativeTarget "RickAndMortyExplorerApp" */;
			buildPhases = (
				0D5A25222EF2E347006A7B66 /* Sources */,
				0D5A25232EF2E347006A7B66 /* Frameworks */,
				0D5A25242EF2E347006A7B66 /* Resources */,
			);
			buildRules = (
			);
			dependencies = (
			);
			name = RickAndMortyExplorerApp;
			productName = RickAndMortyExplorerApp;
			productReference = 0D5A25262EF2E347006A7B66 /* RickAndMortyExplorerApp.app */;
			productType = "com.apple.product-type.application";
		};
		0D5A25352EF2E35B006A7B66 /* RickAndMortyExplorerAppTests */ = {
			isa = PBXNativeTarget;
			buildConfigurationList = 0D5A254D2EF2E35B006A7B66 /* Build configuration list for PBXNativeTarget "RickAndMortyExplorerAppTests" */;
			buildPhases = (
				0D5A25322EF2E35B006A7B66 /* Sources */,
				0D5A25332EF2E35B006A7B66 /* Frameworks */,
				0D5A25342EF2E35B006A7B66 /* Resources */,
			);
			buildRules = (
			);
			dependencies = (
				0D5A25382EF2E35B006A7B66 /* PBXTargetDependency */,
			);
			name = RickAndMortyExplorerAppTests;
			productName = RickAndMortyExplorerAppTests;
			productReference = 0D5A25362EF2E35B006A7B66 /* RickAndMortyExplorerAppTests.xctest */;
			productType = "com.apple.product-type.bundle.unit-test";
		};
		0D5A253F2EF2E35B006A7B66 /* RickAndMortyExplorerAppUITests */ = {
			isa = PBXNativeTarget;
			buildConfigurationList = 0D5A25502EF2E35B006A7B66 /* Build configuration list for PBXNativeTarget "RickAndMortyExplorerAppUITests" */;
			buildPhases = (
				0D5A253C2EF2E35B006A7B66 /* Sources */,
				0D5A253D2EF2E35B006A7B66 /* Frameworks */,
				0D5A253E2EF2E35B006A7B66 /* Resources */,
			);
			buildRules = (
			);
			dependencies = (
				0D5A25422EF2E35B006A7B66 /* PBXTargetDependency */,
			);
			name = RickAndMortyExplorerAppUITests;
			productName = RickAndMortyExplorerAppUITests;
			productReference = 0D5A25402EF2E35B006A7B66 /* RickAndMortyExplorerAppUITests.xctest */;
			productType = "com.apple.product-type.bundle.ui-testing";
		};
/* End PBXNativeTarget section */

/* Begin PBXProject section */
		0D5A251E2EF2E347006A7B66 /* Project object */ = {
			isa = PBXProject;
			attributes = {
				BuildIndependentTargetsInParallel = 1;
				LastSwiftUpdateCheck = 1520;
				LastUpgradeCheck = 1520;
				TargetAttributes = {
					0D5A25252EF2E347006A7B66 = {
						CreatedOnToolsVersion = 15.2;
					};
					0D5A25352EF2E35B006A7B66 = {
						CreatedOnToolsVersion = 15.2;
						TestTargetID = 0D5A25252EF2E347006A7B66;
					};
					0D5A253F2EF2E35B006A7B66 = {
						CreatedOnToolsVersion = 15.2;
						TestTargetID = 0D5A25252EF2E347006A7B66;
					};
				};
			};
			buildConfigurationList = 0D5A25212EF2E347006A7B66 /* Build configuration list for PBXProject "RickAndMortyExplorerApp" */;
			compatibilityVersion = "Xcode 14.0";
			developmentRegion = en;
			hasScannedForEncodings = 0;
			knownRegions = (
				en,
				Base,
			);
			mainGroup = 0D5A251D2EF2E347006A7B66;
			productRefGroup = 0D5A25272EF2E347006A7B66 /* Products */;
			projectDirPath = "";
			projectRoot = "";
			targets = (
				0D5A25252EF2E347006A7B66 /* RickAndMortyExplorerApp */,
				0D5A25352EF2E35B006A7B66 /* RickAndMortyExplorerAppTests */,
				0D5A253F2EF2E35B006A7B66 /* RickAndMortyExplorerAppUITests */,
			);
		};
/* End PBXProject section */

/* Begin PBXResourcesBuildPhase section */
		0D5A25242EF2E347006A7B66 /* Resources */ = {
			isa = PBXResourcesBuildPhase;
			buildActionMask = 2147483647;
			files = (
				0D5A25312EF2E35B006A7B66 /* Preview Assets.xcassets in Resources */,
				0D5A252E2EF2E35B006A7B66 /* Assets.xcassets in Resources */,
			);
			runOnlyForDeploymentPostprocessing = 0;
		};
		0D5A25342EF2E35B006A7B66 /* Resources */ = {
			isa = PBXResourcesBuildPhase;
			buildActionMask = 2147483647;
			files = (
			);
			runOnlyForDeploymentPostprocessing = 0;
		};
		0D5A253E2EF2E35B006A7B66 /* Resources */ = {
			isa = PBXResourcesBuildPhase;
			buildActionMask = 2147483647;
			files = (
			);
			runOnlyForDeploymentPostprocessing = 0;
		};
/* End PBXResourcesBuildPhase section */

/* Begin PBXSourcesBuildPhase section */
		0D5A25222EF2E347006A7B66 /* Sources */ = {
			isa = PBXSourcesBuildPhase;
			buildActionMask = 2147483647;
			files = (
				0DD0B6532EF5919900819060 /* CharacterDetailView.swift in Sources */,
				0D5A25602EF2EDDC006A7B66 /* CharacterListView.swift in Sources */,
				0D5A255A2EF2E57B006A7B66 /* NetworkManager.swift in Sources */,
				0D5A25582EF2E3E0006A7B66 /* Character.swift in Sources */,
				0D5A252C2EF2E347006A7B66 /* ContentView.swift in Sources */,
				827EC1B12EF48F710028B29D /* FeedbackService.swift in Sources */,
				827EC1B32EF496470028B29D /* FeedbackFormView.swift in Sources */,
				0D5A255E2EF2EA09006A7B66 /* CharacterListViewModel.swift in Sources */,
				0D5A252A2EF2E347006A7B66 /* RickAndMortyExplorerAppApp.swift in Sources */,
			);
			runOnlyForDeploymentPostprocessing = 0;
		};
		0D5A25322EF2E35B006A7B66 /* Sources */ = {
			isa = PBXSourcesBuildPhase;
			buildActionMask = 2147483647;
			files = (
				0D5A253B2EF2E35B006A7B66 /* RickAndMortyExplorerAppTests.swift in Sources */,
			);
			runOnlyForDeploymentPostprocessing = 0;
		};
		0D5A253C2EF2E35B006A7B66 /* Sources */ = {
			isa = PBXSourcesBuildPhase;
			buildActionMask = 2147483647;
			files = (
				0D5A25472EF2E35B006A7B66 /* RickAndMortyExplorerAppUITestsLaunchTests.swift in Sources */,
				0D5A25452EF2E35B006A7B66 /* RickAndMortyExplorerAppUITests.swift in Sources */,
			);
			runOnlyForDeploymentPostprocessing = 0;
		};
/* End PBXSourcesBuildPhase section */

/* Begin PBXTargetDependency section */
		0D5A25382EF2E35B006A7B66 /* PBXTargetDependency */ = {
			isa = PBXTargetDependency;
			target = 0D5A25252EF2E347006A7B66 /* RickAndMortyExplorerApp */;
			targetProxy = 0D5A25372EF2E35B006A7B66 /* PBXContainerItemProxy */;
		};
		0D5A25422EF2E35B006A7B66 /* PBXTargetDependency */ = {
			isa = PBXTargetDependency;
			target = 0D5A25252EF2E347006A7B66 /* RickAndMortyExplorerApp */;
			targetProxy = 0D5A25412EF2E35B006A7B66 /* PBXContainerItemProxy */;
		};
/* End PBXTargetDependency section */

/* Begin XCBuildConfiguration section */
		0D5A25482EF2E35B006A7B66 /* Debug */ = {
			isa = XCBuildConfiguration;
			buildSettings = {
				ALWAYS_SEARCH_USER_PATHS = NO;
				ASSETCATALOG_COMPILER_GENERATE_SWIFT_ASSET_SYMBOL_EXTENSIONS = YES;
				CLANG_ANALYZER_NONNULL = YES;
				CLANG_ANALYZER_NUMBER_OBJECT_CONVERSION = YES_AGGRESSIVE;
				CLANG_CXX_LANGUAGE_STANDARD = "gnu++20";
				CLANG_ENABLE_MODULES = YES;
				CLANG_ENABLE_OBJC_ARC = YES;
				CLANG_ENABLE_OBJC_WEAK = YES;
				CLANG_WARN_BLOCK_CAPTURE_AUTORELEASING = YES;
				CLANG_WARN_BOOL_CONVERSION = YES;
				CLANG_WARN_COMMA = YES;
				CLANG_WARN_CONSTANT_CONVERSION = YES;
				CLANG_WARN_DEPRECATED_OBJC_IMPLEMENTATIONS = YES;
				CLANG_WARN_DIRECT_OBJC_ISA_USAGE = YES_ERROR;
				CLANG_WARN_DOCUMENTATION_COMMENTS = YES;
				CLANG_WARN_EMPTY_BODY = YES;
				CLANG_WARN_ENUM_CONVERSION = YES;
				CLANG_WARN_INFINITE_RECURSION = YES;
				CLANG_WARN_INT_CONVERSION = YES;
				CLANG_WARN_NON_LITERAL_NULL_CONVERSION = YES;
				CLANG_WARN_OBJC_IMPLICIT_RETAIN_SELF = YES;
				CLANG_WARN_OBJC_LITERAL_CONVERSION = YES;
				CLANG_WARN_OBJC_ROOT_CLASS = YES_ERROR;
				CLANG_WARN_QUOTED_INCLUDE_IN_FRAMEWORK_HEADER = YES;
				CLANG_WARN_RANGE_LOOP_ANALYSIS = YES;
				CLANG_WARN_STRICT_PROTOTYPES = YES;
				CLANG_WARN_SUSPICIOUS_MOVE = YES;
				CLANG_WARN_UNGUARDED_AVAILABILITY = YES_AGGRESSIVE;
				CLANG_WARN_UNREACHABLE_CODE = YES;
				CLANG_WARN__DUPLICATE_METHOD_MATCH = YES;
				COPY_PHASE_STRIP = NO;
				DEBUG_INFORMATION_FORMAT = dwarf;
				ENABLE_STRICT_OBJC_MSGSEND = YES;
				ENABLE_TESTABILITY = YES;
				ENABLE_USER_SCRIPT_SANDBOXING = YES;
				GCC_C_LANGUAGE_STANDARD = gnu17;
				GCC_DYNAMIC_NO_PIC = NO;
				GCC_NO_COMMON_BLOCKS = YES;
				GCC_OPTIMIZATION_LEVEL = 0;
				GCC_PREPROCESSOR_DEFINITIONS = (
					"DEBUG=1",
					"$(inherited)",
				);
				GCC_WARN_64_TO_32_BIT_CONVERSION = YES;
				GCC_WARN_ABOUT_RETURN_TYPE = YES_ERROR;
				GCC_WARN_UNDECLARED_SELECTOR = YES;
				GCC_WARN_UNINITIALIZED_AUTOS = YES_AGGRESSIVE;
				GCC_WARN_UNUSED_FUNCTION = YES;
				GCC_WARN_UNUSED_VARIABLE = YES;
				IPHONEOS_DEPLOYMENT_TARGET = 17.2;
				LOCALIZATION_PREFERS_STRING_CATALOGS = YES;
				MTL_ENABLE_DEBUG_INFO = INCLUDE_SOURCE;
				MTL_FAST_MATH = YES;
				ONLY_ACTIVE_ARCH = YES;
				SDKROOT = iphoneos;
				SWIFT_ACTIVE_COMPILATION_CONDITIONS = "DEBUG $(inherited)";
				SWIFT_OPTIMIZATION_LEVEL = "-Onone";
			};
			name = Debug;
		};
		0D5A25492EF2E35B006A7B66 /* Release */ = {
			isa = XCBuildConfiguration;
			buildSettings = {
				ALWAYS_SEARCH_USER_PATHS = NO;
				ASSETCATALOG_COMPILER_GENERATE_SWIFT_ASSET_SYMBOL_EXTENSIONS = YES;
				CLANG_ANALYZER_NONNULL = YES;
				CLANG_ANALYZER_NUMBER_OBJECT_CONVERSION = YES_AGGRESSIVE;
				CLANG_CXX_LANGUAGE_STANDARD = "gnu++20";
				CLANG_ENABLE_MODULES = YES;
				CLANG_ENABLE_OBJC_ARC = YES;
				CLANG_ENABLE_OBJC_WEAK = YES;
				CLANG_WARN_BLOCK_CAPTURE_AUTORELEASING = YES;
				CLANG_WARN_BOOL_CONVERSION = YES;
				CLANG_WARN_COMMA = YES;
				CLANG_WARN_CONSTANT_CONVERSION = YES;
				CLANG_WARN_DEPRECATED_OBJC_IMPLEMENTATIONS = YES;
				CLANG_WARN_DIRECT_OBJC_ISA_USAGE = YES_ERROR;
				CLANG_WARN_DOCUMENTATION_COMMENTS = YES;
				CLANG_WARN_EMPTY_BODY = YES;
				CLANG_WARN_ENUM_CONVERSION = YES;
				CLANG_WARN_INFINITE_RECURSION = YES;
				CLANG_WARN_INT_CONVERSION = YES;
				CLANG_WARN_NON_LITERAL_NULL_CONVERSION = YES;
				CLANG_WARN_OBJC_IMPLICIT_RETAIN_SELF = YES;
				CLANG_WARN_OBJC_LITERAL_CONVERSION = YES;
				CLANG_WARN_OBJC_ROOT_CLASS = YES_ERROR;
				CLANG_WARN_QUOTED_INCLUDE_IN_FRAMEWORK_HEADER = YES;
				CLANG_WARN_RANGE_LOOP_ANALYSIS = YES;
				CLANG_WARN_STRICT_PROTOTYPES = YES;
				CLANG_WARN_SUSPICIOUS_MOVE = YES;
				CLANG_WARN_UNGUARDED_AVAILABILITY = YES_AGGRESSIVE;
				CLANG_WARN_UNREACHABLE_CODE = YES;
				CLANG_WARN__DUPLICATE_METHOD_MATCH = YES;
				COPY_PHASE_STRIP = NO;
				DEBUG_INFORMATION_FORMAT = "dwarf-with-dsym";
				ENABLE_NS_ASSERTIONS = NO;
				ENABLE_STRICT_OBJC_MSGSEND = YES;
				ENABLE_USER_SCRIPT_SANDBOXING = YES;
				GCC_C_LANGUAGE_STANDARD = gnu17;
				GCC_NO_COMMON_BLOCKS = YES;
				GCC_WARN_64_TO_32_BIT_CONVERSION = YES;
				GCC_WARN_ABOUT_RETURN_TYPE = YES_ERROR;
				GCC_WARN_UNDECLARED_SELECTOR = YES;
				GCC_WARN_UNINITIALIZED_AUTOS = YES_AGGRESSIVE;
				GCC_WARN_UNUSED_FUNCTION = YES;
				GCC_WARN_UNUSED_VARIABLE = YES;
				IPHONEOS_DEPLOYMENT_TARGET = 17.2;
				LOCALIZATION_PREFERS_STRING_CATALOGS = YES;
				MTL_ENABLE_DEBUG_INFO = NO;
				MTL_FAST_MATH = YES;
				SDKROOT = iphoneos;
				SWIFT_COMPILATION_MODE = wholemodule;
				VALIDATE_PRODUCT = YES;
			};
			name = Release;
		};
		0D5A254B2EF2E35B006A7B66 /* Debug */ = {
			isa = XCBuildConfiguration;
			buildSettings = {
				ASSETCATALOG_COMPILER_APPICON_NAME = AppIcon;
				ASSETCATALOG_COMPILER_GLOBAL_ACCENT_COLOR_NAME = AccentColor;
				CODE_SIGN_STYLE = Automatic;
				CURRENT_PROJECT_VERSION = 1;
				DEVELOPMENT_ASSET_PATHS = "\"RickAndMortyExplorerApp/Preview Content\"";
				ENABLE_PREVIEWS = YES;
				GENERATE_INFOPLIST_FILE = YES;
				INFOPLIST_KEY_UIApplicationSceneManifest_Generation = YES;
				INFOPLIST_KEY_UIApplicationSupportsIndirectInputEvents = YES;
				INFOPLIST_KEY_UILaunchScreen_Generation = YES;
				INFOPLIST_KEY_UISupportedInterfaceOrientations_iPad = "UIInterfaceOrientationPortrait UIInterfaceOrientationPortraitUpsideDown UIInterfaceOrientationLandscapeLeft UIInterfaceOrientationLandscapeRight";
				INFOPLIST_KEY_UISupportedInterfaceOrientations_iPhone = "UIInterfaceOrientationPortrait UIInterfaceOrientationLandscapeLeft UIInterfaceOrientationLandscapeRight";
				LD_RUNPATH_SEARCH_PATHS = (
					"$(inherited)",
					"@executable_path/Frameworks",
				);
				MARKETING_VERSION = 1.0;
				PRODUCT_BUNDLE_IDENTIFIER = com.lateteatoto.RickAndMortyExplorerApp;
				PRODUCT_NAME = "$(TARGET_NAME)";
				SWIFT_EMIT_LOC_STRINGS = YES;
				SWIFT_VERSION = 5.0;
				TARGETED_DEVICE_FAMILY = "1,2";
			};
			name = Debug;
		};
		0D5A254C2EF2E35B006A7B66 /* Release */ = {
			isa = XCBuildConfiguration;
			buildSettings = {
				ASSETCATALOG_COMPILER_APPICON_NAME = AppIcon;
				ASSETCATALOG_COMPILER_GLOBAL_ACCENT_COLOR_NAME = AccentColor;
				CODE_SIGN_STYLE = Automatic;
				CURRENT_PROJECT_VERSION = 1;
				DEVELOPMENT_ASSET_PATHS = "\"RickAndMortyExplorerApp/Preview Content\"";
				ENABLE_PREVIEWS = YES;
				GENERATE_INFOPLIST_FILE = YES;
				INFOPLIST_KEY_UIApplicationSceneManifest_Generation = YES;
				INFOPLIST_KEY_UIApplicationSupportsIndirectInputEvents = YES;
				INFOPLIST_KEY_UILaunchScreen_Generation = YES;
				INFOPLIST_KEY_UISupportedInterfaceOrientations_iPad = "UIInterfaceOrientationPortrait UIInterfaceOrientationPortraitUpsideDown UIInterfaceOrientationLandscapeLeft UIInterfaceOrientationLandscapeRight";
				INFOPLIST_KEY_UISupportedInterfaceOrientations_iPhone = "UIInterfaceOrientationPortrait UIInterfaceOrientationLandscapeLeft UIInterfaceOrientationLandscapeRight";
				LD_RUNPATH_SEARCH_PATHS = (
					"$(inherited)",
					"@executable_path/Frameworks",
				);
				MARKETING_VERSION = 1.0;
				PRODUCT_BUNDLE_IDENTIFIER = com.lateteatoto.RickAndMortyExplorerApp;
				PRODUCT_NAME = "$(TARGET_NAME)";
				SWIFT_EMIT_LOC_STRINGS = YES;
				SWIFT_VERSION = 5.0;
				TARGETED_DEVICE_FAMILY = "1,2";
			};
			name = Release;
		};
		0D5A254E2EF2E35B006A7B66 /* Debug */ = {
			isa = XCBuildConfiguration;
			buildSettings = {
				ALWAYS_EMBED_SWIFT_STANDARD_LIBRARIES = YES;
				BUNDLE_LOADER = "$(TEST_HOST)";
				CODE_SIGN_STYLE = Automatic;
				CURRENT_PROJECT_VERSION = 1;
				GENERATE_INFOPLIST_FILE = YES;
				IPHONEOS_DEPLOYMENT_TARGET = 17.2;
				MARKETING_VERSION = 1.0;
				PRODUCT_BUNDLE_IDENTIFIER = com.lateteatoto.RickAndMortyExplorerAppTests;
				PRODUCT_NAME = "$(TARGET_NAME)";
				SWIFT_EMIT_LOC_STRINGS = NO;
				SWIFT_VERSION = 5.0;
				TARGETED_DEVICE_FAMILY = "1,2";
				TEST_HOST = "$(BUILT_PRODUCTS_DIR)/RickAndMortyExplorerApp.app/$(BUNDLE_EXECUTABLE_FOLDER_PATH)/RickAndMortyExplorerApp";
			};
			name = Debug;
		};
		0D5A254F2EF2E35B006A7B66 /* Release */ = {
			isa = XCBuildConfiguration;
			buildSettings = {
				ALWAYS_EMBED_SWIFT_STANDARD_LIBRARIES = YES;
				BUNDLE_LOADER = "$(TEST_HOST)";
				CODE_SIGN_STYLE = Automatic;
				CURRENT_PROJECT_VERSION = 1;
				GENERATE_INFOPLIST_FILE = YES;
				IPHONEOS_DEPLOYMENT_TARGET = 17.2;
				MARKETING_VERSION = 1.0;
				PRODUCT_BUNDLE_IDENTIFIER = com.lateteatoto.RickAndMortyExplorerAppTests;
				PRODUCT_NAME = "$(TARGET_NAME)";
				SWIFT_EMIT_LOC_STRINGS = NO;
				SWIFT_VERSION = 5.0;
				TARGETED_DEVICE_FAMILY = "1,2";
				TEST_HOST = "$(BUILT_PRODUCTS_DIR)/RickAndMortyExplorerApp.app/$(BUNDLE_EXECUTABLE_FOLDER_PATH)/RickAndMortyExplorerApp";
			};
			name = Release;
		};
		0D5A25512EF2E35B006A7B66 /* Debug */ = {
			isa = XCBuildConfiguration;
			buildSettings = {
				ALWAYS_EMBED_SWIFT_STANDARD_LIBRARIES = YES;
				CODE_SIGN_STYLE = Automatic;
				CURRENT_PROJECT_VERSION = 1;
				GENERATE_INFOPLIST_FILE = YES;
				MARKETING_VERSION = 1.0;
				PRODUCT_BUNDLE_IDENTIFIER = com.lateteatoto.RickAndMortyExplorerAppUITests;
				PRODUCT_NAME = "$(TARGET_NAME)";
				SWIFT_EMIT_LOC_STRINGS = NO;
				SWIFT_VERSION = 5.0;
				TARGETED_DEVICE_FAMILY = "1,2";
				TEST_TARGET_NAME = RickAndMortyExplorerApp;
			};
			name = Debug;
		};
		0D5A25522EF2E35B006A7B66 /* Release */ = {
			isa = XCBuildConfiguration;
			buildSettings = {
				ALWAYS_EMBED_SWIFT_STANDARD_LIBRARIES = YES;
				CODE_SIGN_STYLE = Automatic;
				CURRENT_PROJECT_VERSION = 1;
				GENERATE_INFOPLIST_FILE = YES;
				MARKETING_VERSION = 1.0;
				PRODUCT_BUNDLE_IDENTIFIER = com.lateteatoto.RickAndMortyExplorerAppUITests;
				PRODUCT_NAME = "$(TARGET_NAME)";
				SWIFT_EMIT_LOC_STRINGS = NO;
				SWIFT_VERSION = 5.0;
				TARGETED_DEVICE_FAMILY = "1,2";
				TEST_TARGET_NAME = RickAndMortyExplorerApp;
			};
			name = Release;
		};
/* End XCBuildConfiguration section */

/* Begin XCConfigurationList section */
		0D5A25212EF2E347006A7B66 /* Build configuration list for PBXProject "RickAndMortyExplorerApp" */ = {
			isa = XCConfigurationList;
			buildConfigurations = (
				0D5A25482EF2E35B006A7B66 /* Debug */,
				0D5A25492EF2E35B006A7B66 /* Release */,
			);
			defaultConfigurationIsVisible = 0;
			defaultConfigurationName = Release;
		};
		0D5A254A2EF2E35B006A7B66 /* Build configuration list for PBXNativeTarget "RickAndMortyExplorerApp" */ = {
			isa = XCConfigurationList;
			buildConfigurations = (
				0D5A254B2EF2E35B006A7B66 /* Debug */,
				0D5A254C2EF2E35B006A7B66 /* Release */,
			);
			defaultConfigurationIsVisible = 0;
			defaultConfigurationName = Release;
		};
		0D5A254D2EF2E35B006A7B66 /* Build configuration list for PBXNativeTarget "RickAndMortyExplorerAppTests" */ = {
			isa = XCConfigurationList;
			buildConfigurations = (
				0D5A254E2EF2E35B006A7B66 /* Debug */,
				0D5A254F2EF2E35B006A7B66 /* Release */,
			);
			defaultConfigurationIsVisible = 0;
			defaultConfigurationName = Release;
		};
		0D5A25502EF2E35B006A7B66 /* Build configuration list for PBXNativeTarget "RickAndMortyExplorerAppUITests" */ = {
			isa = XCConfigurationList;
			buildConfigurations = (
				0D5A25512EF2E35B006A7B66 /* Debug */,
				0D5A25522EF2E35B006A7B66 /* Release */,
			);
			defaultConfigurationIsVisible = 0;
			defaultConfigurationName = Release;
		};
/* End XCConfigurationList section */
	};
	rootObject = 0D5A251E2EF2E347006A7B66 /* Project object */;
}
